version = 1
revision = 3
requires-python = ">=3.13"
resolution-markers = [
    "python_full_version >= '3.15'",
    "python_full_version < '3.15'",
]

[[package]]
name = "colorama"
version = "0.4.6"
source = { registry = "https://pypi.org/simple" }
sdist = { url = "https://files.pythonhosted.org/packages/d8/53/6f443c9a4a8358a93a6792e2acffb9d9d5cb0a5cfd8802644b7b1c9a02e4/colorama-0.4.6.tar.gz", hash = "sha256:08695f5cb7ed6e0531a20572697297273c47b8cae5a63ffc6d6ed5c201be6e44", size = 27697, upload-time = "2022-10-25T02:36:22.414Z" }
wheels = [
    { url = "https://files.pythonhosted.org/packages/d1/d6/3965ed04c63042e047cb6a3e6ed1a63a35087b6a609aa3a15ed8ac56c221/colorama-0.4.6-py2.py3-none-any.whl", hash = "sha256:4f1d9991f5acc0ca119f9d443620b77f9d6b33703e51011c16baf57afb285fc6", size = 25335, upload-time = "2022-10-25T02:36:20.889Z" },
]

[[package]]
name = "iniconfig"
version = "2.3.0"
source = { registry = "https://pypi.org/simple" }
sdist = { url = "https://files.pythonhosted.org/packages/72/34/14ca021ce8e5dfedc35312d08ba8bf51fdd999c576889fc2c24cb97f4f10/iniconfig-2.3.0.tar.gz", hash = "sha256:c76315c77db068650d49c5b56314774a7804df16fee4402c1f19d6d15d8c4730", size = 20503, upload-time = "2025-10-18T21:55:43.219Z" }
wheels = [
    { url = "https://files.pythonhosted.org/packages/cb/b1/3846dd7f199d53cb17f49cba7e651e9ce294d8497c8c150530ed11865bb8/iniconfig-2.3.0-py3-none-any.whl", hash = "sha256:f631c04d2c48c52b84d0d0549c99ff3859c98df65b3101406327ecc7d53fbf12", size = 7484, upload-time = "2025-10-18T21:55:41.639Z" },
]

[[package]]
name = "jaq-py"
version = "0.1.0"
source = { editable = "." }

[package.optional-dependencies]
dev = [
    { name = "jq" },
    { name = "maturin" },
    { name = "mypy" },
    { name = "pytest" },
    { name = "pytest-pretty" },
    { name = "ruff" },
]

[package.metadata]
requires-dist = [
    { name = "jq", marker = "extra == 'dev'", specifier = "~=1.11" },
    { name = "maturin", marker = "extra == 'dev'", specifier = "~=1.11" },
    { name = "mypy", marker = "extra == 'dev'", specifier = "~=1.20" },
    { name = "pytest", marker = "extra == 'dev'", specifier = "~=9.0" },
    { name = "pytest-pretty", marker = "extra == 'dev'", specifier = "~=1.3" },
    { name = "ruff", marker = "extra == 'dev'", specifier = "~=0.14" },
]
provides-extras = ["dev"]

[[package]]
name = "jq"
version = "1.11.0"
source = { registry = "https://pypi.org/simple" }
sdist = { url = "https://files.pythonhosted.org/packages/b8/ef/60ec5e3d8b6ae79c02af010030692e9e7e12a3a8134bc048728de16eb137/jq-1.11.0.tar.gz", hash = "sha256:67f1032e3a61b4e5dcdd4e390527b0000db521ac9872b64517c83c5f71ef8450", size = 2031555, upload-time = "2026-01-16T16:38:32.833Z" }
wheels = [
    { url = "https://files.pythonhosted.org/packages/f7/9b/eeb893591371ed1d6badc8c3d6ca0033e764a90b221734d578049ea9898a/jq-1.11.0-cp313-cp313-macosx_10_13_x86_64.whl", hash = "sha256:9aba6e4a4e66a8d55f45137c7039dd56a65ad95ef4c1c1c208190971966429b9", size = 414359, upload-time = "2026-01-16T16:36:58.003Z" },
    { url = "https://files.pythonhosted.org/packages/7a/ff/f80f75b398052e9d09ae09c9bb175ee2679c9a13dea42e9a8ffcc03fbc20/jq-1.11.0-cp313-cp313-macosx_11_0_arm64.whl", hash = "sha256:5295d6d2a6c1de53f9ca1cd3211f5728e20c0be1e6456486a9e6b6016102e173", size = 422335, upload-time = "2026-01-16T16:36:59.684Z" },
    { url = "https://files.pythonhosted.org/packages/8f/6f/a0d8353e03b6f2e1dec08eddb4d1accf2f37605730f9539412c4a1ae0a5c/jq-1.11.0-cp313-cp313-manylinux_2_24_aarch64.manylinux_2_28_aarch64.whl", hash = "sha256:e04a8c3b0b4d78cab658ec8cd1b34f7c9a711355ff6d8aa01a3b24955b3eb531", size = 748178, upload-time = "2026-01-16T16:37:01.511Z" },
    { url = "https://files.pythonhosted.org/packages/3d/5c/85de5a406c36133b71f80c1a4f3872baa2d5b598ea0179e25fb7e1fb385b/jq-1.11.0-cp313-cp313-manylinux_2_24_x86_64.manylinux_2_28_x86_64.whl", hash = "sha256:5e08573ee9a5448166f1e8f068ce05fba21db15adcebbaf2472729d36ec92a1e", size = 767262, upload-time = "2026-01-16T16:37:03.31Z" },
    { url = "https://files.pythonhosted.org/packages/74/51/926c0dee6c5c0cf71a8d6d4665b44ad0dbd18eb5a40455c9b93fa327a188/jq-1.11.0-cp313-cp313-musllinux_1_2_aarch64.whl", hash = "sha256:cd4376b62fc18e8c3f5334f388f92a48b148cf755610ad44d22958a41edcbc8d", size = 737316, upload-time = "2026-01-16T16:37:05.027Z" },
    { url = "https://files.pythonhosted.org/packages/db/8f/49c02ee479b29083047a323c3f4ca6a6c8ef2a9ae1bfe6d86d73d4f283b7/jq-1.11.0-cp313-cp313-musllinux_1_2_x86_64.whl", hash = "sha256:680edbd5838fb04539469e39e3e147ae3890b90af3e727d6028e370f8a202b1c", size = 762343, upload-time = "2026-01-16T16:37:07.411Z" },
    { url = "https://files.pythonhosted.org/packages/cd/16/4697abf6c1d92e8297e07c3fba6d400b5a9c71780a24072480d9076451d7/jq-1.11.0-cp313-cp313-win_amd64.whl", hash = "sha256:54f896e878c89cef4c05aff53f822de62a08e91d08bad7cbf4f7e91b7a06a460", size = 409686, upload-time = "2026-01-16T16:37:09.921Z" },
    { url = "https://files.pythonhosted.org/packages/2d/b3/c05827ed6dd55815b74a124d4c8d2cf9557370d96e78a6cf6fa44c6f4926/jq-1.11.0-cp314-cp314-macosx_10_15_x86_64.whl", hash = "sha256:07100bc8338f4030c12fb87816f2f04d4cac78363152dbb8f8cb12fcb3dbbd5f", size = 414414, upload-time = "2026-01-16T16:37:12.663Z" },
    { url = "https://files.pythonhosted.org/packages/02/df/43c82fc8a25e9f972299d41e41ce14010fc0b2b64969519a2261f651e85c/jq-1.11.0-cp314-cp314-macosx_11_0_arm64.whl", hash = "sha256:7051d8443d36e0df151fd509a34dff8c03bb8c99a0224b25a784920ea5059689", size = 422832, upload-time = "2026-01-16T16:37:14.822Z" },
    { url = "https://files.pythonhosted.org/packages/cd/48/6bb1ecf18fbd396fb7df71274b186c9b3dce8824a4fb7175c8f37147c78e/jq-1.11.0-cp314-cp314-manylinux_2_24_aarch64.manylinux_2_28_aarch64.whl", hash = "sha256:87fec2d61b50ef1b9aaae8de78593a689504c22ec9933a02de202d407b74424c", size = 746548, upload-time = "2026-01-16T16:37:18.077Z" },
    { url = "https://files.pythonhosted.org/packages/10/6c/415cd991045588a846fc089581c42ebce2a9fce29fe006778081885c4897/jq-1.11.0-cp314-cp314-manylinux_2_24_x86_64.manylinux_2_28_x86_64.whl", hash = "sha256:40ee2639e5ff8af74651a6531d79309871ccb722aa4ad28b35f53bdc504d41f7", size = 759982, upload-time = "2026-01-16T16:37:20.614Z" },
    { url = "https://files.pythonhosted.org/packages/54/be/1366d4c091291db01ecfe64ae2fb029e9613e7f0fa2f1c846d292cf2e5b3/jq-1.11.0-cp314-cp314-musllinux_1_2_aarch64.whl", hash = "sha256:9ecaa3193e11ade477eed608e017354f1d9ef66b97e7fe94575a579aee9b394b", size = 734879, upload-time = "2026-01-16T16:37:22.689Z" },
    { url = "https://files.pythonhosted.org/packages/2b/b8/e90f7143347e05bb136a0ca9ef37e62ec80951db9bae44defd7a03ac1282/jq-1.11.0-cp314-cp314-musllinux_1_2_x86_64.whl", hash = "sha256:05c9520b89e2fc99ac397b67ba5672897671c0116b397707cfbc1f8da8722f5a", size = 754295, upload-time = "2026-01-16T16:37:26.472Z" },
    { url = "https://files.pythonhosted.org/packages/d3/8d/e8e82ce41532e3f7b0dfefbb7be840fc5d72a16a58fde499ff7b306e378e/jq-1.11.0-cp314-cp314-win_amd64.whl", hash = "sha256:00ee063b24bb3cc721d6dd92ac05ef2882096c7a9f50972959ef4655486d7a69", size = 428086, upload-time = "2026-01-16T16:37:46.09Z" },
    { url = "https://files.pythonhosted.org/packages/de/a7/95a1a4a6c109396972699ed8ce8b13d770f9c09fda128a0c608ef0d13c84/jq-1.11.0-cp314-cp314t-macosx_10_15_x86_64.whl", hash = "sha256:c4c769ee81de2d799856868bf3bdb1a835e0fb26a62f67a5d8d6ab5392b6e7fa", size = 417816, upload-time = "2026-01-16T16:37:28.825Z" },
    { url = "https://files.pythonhosted.org/packages/4c/26/f86a1cc57cb087e1a5ee8fc314a59d47f588cb479f8e2680e516c5a4234c/jq-1.11.0-cp314-cp314t-macosx_11_0_arm64.whl", hash = "sha256:f6857f2770d1afb8a202f9b6702a7f099cf4052d820f76d01c59dfc6e44d4709", size = 428286, upload-time = "2026-01-16T16:37:30.985Z" },
    { url = "https://files.pythonhosted.org/packages/b1/fd/a16a5b90341392d756f9f1577c27977fc53554b194d00b308878f672476a/jq-1.11.0-cp314-cp314t-manylinux_2_24_aarch64.manylinux_2_28_aarch64.whl", hash = "sha256:b0f6287977012657776f85fa15ca3c072974ded3d98a3400a765c49e84dfb16e", size = 777522, upload-time = "2026-01-16T16:37:33.764Z" },
    { url = "https://files.pythonhosted.org/packages/0c/d6/ea0b9caa71a7966159177e0c2279b7926ccd80da6d4703668df6ec461186/jq-1.11.0-cp314-cp314t-manylinux_2_24_x86_64.manylinux_2_28_x86_64.whl", hash = "sha256:7cf7f44b346c4494be880d3f07c1c72ff56066714b2f8ae2400009afdbdb4adc", size = 773198, upload-time = "2026-01-16T16:37:36.082Z" },
    { url = "https://files.pythonhosted.org/packages/8a/65/e41f566f5ce79ec9fbaeaea86944f4e2f9f258622ad2fe165c275f8711b7/jq-1.11.0-cp314-cp314t-musllinux_1_2_aarch64.whl", hash = "sha256:e46494407cb074d2ffc35337cbe841686aa42f3d1a49901fab3571b55c2e2463", size = 757153, upload-time = "2026-01-16T16:37:38.184Z" },
    { url = "https://files.pythonhosted.org/packages/c1/05/7dce2693991526c40b227c552e2829210099c38ef1c1d0f545ceafa57f0b/jq-1.11.0-cp314-cp314t-musllinux_1_2_x86_64.whl", hash = "sha256:2bea91038d8ea749c54cc06f916afe07a2dbfa05817f3945f89efa75e3dd9517", size = 765389, upload-time = "2026-01-16T16:37:40.136Z" },
    { url = "https://files.pythonhosted.org/packages/2c/b6/355daf5412b0d7730416e693b835d6688cc4a717b249beeb3faf073c0a47/jq-1.11.0-cp314-cp314t-win_amd64.whl", hash = "sha256:219ff02280ee55d2a57c0519b1b122003e538975e30522c21372d6df74b12317", size = 429233, upload-time = "2026-01-16T16:37:43.483Z" },
]

[[package]]
name = "librt"
version = "0.9.0"
source = { registry = "https://pypi.org/simple" }
sdist = { url = "https://files.pythonhosted.org/packages/eb/6b/3d5c13fb3e3c4f43206c8f9dfed13778c2ed4f000bacaa0b7ce3c402a265/librt-0.9.0.tar.gz", hash = "sha256:a0951822531e7aee6e0dfb556b30d5ee36bbe234faf60c20a16c01be3530869d", size = 184368, upload-time = "2026-04-09T16:06:26.173Z" }
wheels = [
    { url = "https://files.pythonhosted.org/packages/5f/d7/1b3e26fffde1452d82f5666164858a81c26ebe808e7ae8c9c88628981540/librt-0.9.0-cp313-cp313-macosx_10_13_x86_64.whl", hash = "sha256:f29b68cd9714531672db62cc54f6e8ff981900f824d13fa0e00749189e13778e", size = 68367, upload-time = "2026-04-09T16:05:17.243Z" },
    { url = "https://files.pythonhosted.org/packages/a5/5b/c61b043ad2e091fbe1f2d35d14795e545d0b56b03edaa390fa1dcee3d160/librt-0.9.0-cp313-cp313-macosx_11_0_arm64.whl", hash = "sha256:7d5c8a5929ac325729f6119802070b561f4db793dffc45e9ac750992a4ed4d22", size = 70595, upload-time = "2026-04-09T16:05:18.471Z" },
    { url = "https://files.pythonhosted.org/packages/a3/22/2448471196d8a73370aa2f23445455dc42712c21404081fcd7a03b9e0749/librt-0.9.0-cp313-cp313-manylinux1_i686.manylinux_2_28_i686.manylinux_2_5_i686.whl", hash = "sha256:756775d25ec8345b837ab52effee3ad2f3b2dfd6bbee3e3f029c517bd5d8f05a", size = 204354, upload-time = "2026-04-09T16:05:19.593Z" },
    { url = "https://files.pythonhosted.org/packages/ac/5e/39fc4b153c78cfd2c8a2dcb32700f2d41d2312aa1050513183be4540930d/librt-0.9.0-cp313-cp313-manylinux2014_aarch64.manylinux_2_17_aarch64.manylinux_2_28_aarch64.whl", hash = "sha256:2b8f5d00b49818f4e2b1667db994488b045835e0ac16fe2f924f3871bd2b8ac5", size = 216238, upload-time = "2026-04-09T16:05:20.868Z" },
    { url = "https://files.pythonhosted.org/packages/d7/42/bc2d02d0fa7badfa63aa8d6dcd8793a9f7ef5a94396801684a51ed8d8287/librt-0.9.0-cp313-cp313-manylinux2014_x86_64.manylinux_2_17_x86_64.manylinux_2_28_x86_64.whl", hash = "sha256:c81aef782380f0f13ead670aae01825eb653b44b046aa0e5ebbb79f76ed4aa11", size = 230589, upload-time = "2026-04-09T16:05:22.305Z" },
    { url = "https://files.pythonhosted.org/packages/c8/7b/e2d95cc513866373692aa5edf98080d5602dd07cabfb9e5d2f70df2f25f7/librt-0.9.0-cp313-cp313-manylinux_2_31_riscv64.manylinux_2_39_riscv64.whl", hash = "sha256:66b58fed90a545328e80d575467244de3741e088c1af928f0b489ebec3ef3858", size = 224610, upload-time = "2026-04-09T16:05:23.647Z" },
    { url = "https://files.pythonhosted.org/packages/31/d5/6cec4607e998eaba57564d06a1295c21b0a0c8de76e4e74d699e627bd98c/librt-0.9.0-cp313-cp313-musllinux_1_2_aarch64.whl", hash = "sha256:e78fb7419e07d98c2af4b8567b72b3eaf8cb05caad642e9963465569c8b2d87e", size = 232558, upload-time = "2026-04-09T16:05:25.025Z" },
    { url = "https://files.pythonhosted.org/packages/95/8c/27f1d8d3aaf079d3eb26439bf0b32f1482340c3552e324f7db9dca858671/librt-0.9.0-cp313-cp313-musllinux_1_2_i686.whl", hash = "sha256:2c3786f0f4490a5cd87f1ed6cefae833ad6b1060d52044ce0434a2e85893afd0", size = 225521, upload-time = "2026-04-09T16:05:26.311Z" },
    { url = "https://files.pythonhosted.org/packages/6b/d8/1e0d43b1c329b416017619469b3c3801a25a6a4ef4a1c68332aeaa6f72ca/librt-0.9.0-cp313-cp313-musllinux_1_2_riscv64.whl", hash = "sha256:8494cfc61e03542f2d381e71804990b3931175a29b9278fdb4a5459948778dc2", size = 227789, upload-time = "2026-04-09T16:05:27.624Z" },
    { url = "https://files.pythonhosted.org/packages/2c/b4/d3d842e88610fcd4c8eec7067b0c23ef2d7d3bff31496eded6a83b0f99be/librt-0.9.0-cp313-cp313-musllinux_1_2_x86_64.whl", hash = "sha256:07cf11f769831186eeac424376e6189f20ace4f7263e2134bdb9757340d84d4d", size = 248616, upload-time = "2026-04-09T16:05:29.181Z" },
    { url = "https://files.pythonhosted.org/packages/ec/28/527df8ad0d1eb6c8bdfa82fc190f1f7c4cca5a1b6d7b36aeabf95b52d74d/librt-0.9.0-cp313-cp313-win32.whl", hash = "sha256:850d6d03177e52700af605fd60db7f37dcb89782049a149674d1a9649c2138fd", size = 56039, upload-time = "2026-04-09T16:05:30.709Z" },
    { url = "https://files.pythonhosted.org/packages/f3/a7/413652ad0d92273ee5e30c000fc494b361171177c83e57c060ecd3c21538/librt-0.9.0-cp313-cp313-win_amd64.whl", hash = "sha256:a5af136bfba820d592f86c67affcef9b3ff4d4360ac3255e341e964489b48519", size = 63264, upload-time = "2026-04-09T16:05:31.881Z" },
    { url = "https://files.pythonhosted.org/packages/a4/0a/92c244309b774e290ddb15e93363846ae7aa753d9586b8aad511c5e6145b/librt-0.9.0-cp313-cp313-win_arm64.whl", hash = "sha256:4c4d0440a3a8e31d962340c3e1cc3fc9ee7febd34c8d8f770d06adb947779ea5", size = 53728, upload-time = "2026-04-09T16:05:33.31Z" },
    { url = "https://files.pythonhosted.org/packages/cd/c1/184e539543f06ea2912f4b92a5ffaede4f9b392689e3f00acbf8134bee92/librt-0.9.0-cp314-cp314-macosx_10_13_x86_64.whl", hash = "sha256:3f05d145df35dca5056a8bc3838e940efebd893a54b3e19b2dda39ceaa299bcb", size = 67830, upload-time = "2026-04-09T16:05:34.517Z" },
    { url = "https://files.pythonhosted.org/packages/f3/ad/23399bdcb7afca819acacdef31b37ee59de261bd66b503a7995c03c4b0dc/librt-0.9.0-cp314-cp314-macosx_11_0_arm64.whl", hash = "sha256:1c587494461ebd42229d0f1739f3aa34237dd9980623ecf1be8d3bcba79f4499", size = 70280, upload-time = "2026-04-09T16:05:35.649Z" },
    { url = "https://files.pythonhosted.org/packages/9f/0b/4542dc5a2b8772dbf92cafb9194701230157e73c14b017b6961a23598b03/librt-0.9.0-cp314-cp314-manylinux1_i686.manylinux_2_28_i686.manylinux_2_5_i686.whl", hash = "sha256:b0a2040f801406b93657a70b72fa12311063a319fee72ce98e1524da7200171f", size = 201925, upload-time = "2026-04-09T16:05:36.739Z" },
    { url = "https://files.pythonhosted.org/packages/31/d4/8ee7358b08fd0cfce051ef96695380f09b3c2c11b77c9bfbc367c921cce5/librt-0.9.0-cp314-cp314-manylinux2014_aarch64.manylinux_2_17_aarch64.manylinux_2_28_aarch64.whl", hash = "sha256:f38bc489037eca88d6ebefc9c4d41a4e07c8e8b4de5188a9e6d290273ad7ebb1", size = 212381, upload-time = "2026-04-09T16:05:38.043Z" },
    { url = "https://files.pythonhosted.org/packages/f2/94/a2025fe442abedf8b038038dab3dba942009ad42b38ea064a1a9e6094241/librt-0.9.0-cp314-cp314-manylinux2014_x86_64.manylinux_2_17_x86_64.manylinux_2_28_x86_64.whl", hash = "sha256:f3fd278f5e6bf7c75ccd6d12344eb686cc020712683363b66f46ac79d37c799f", size = 227065, upload-time = "2026-04-09T16:05:39.394Z" },
    { url = "https://files.pythonhosted.org/packages/7c/e9/b9fcf6afa909f957cfbbf918802f9dada1bd5d3c1da43d722fd6a310dc3f/librt-0.9.0-cp314-cp314-manylinux_2_31_riscv64.manylinux_2_39_riscv64.whl", hash = "sha256:fcbdf2a9ca24e87bbebb47f1fe34e531ef06f104f98c9ccfc953a3f3344c567a", size = 221333, upload-time = "2026-04-09T16:05:40.999Z" },
    { url = "https://files.pythonhosted.org/packages/ac/7c/ba54cd6aa6a3c8cd12757a6870e0c79a64b1e6327f5248dcff98423f4d43/librt-0.9.0-cp314-cp314-musllinux_1_2_aarch64.whl", hash = "sha256:e306d956cfa027fe041585f02a1602c32bfa6bb8ebea4899d373383295a6c62f", size = 229051, upload-time = "2026-04-09T16:05:42.605Z" },
    { url = "https://files.pythonhosted.org/packages/4b/4b/8cfdbad314c8677a0148bf0b70591d6d18587f9884d930276098a235461b/librt-0.9.0-cp314-cp314-musllinux_1_2_i686.whl", hash = "sha256:465814ab157986acb9dfa5ccd7df944be5eefc0d08d31ec6e8d88bc71251d845", size = 222492, upload-time = "2026-04-09T16:05:43.842Z" },
    { url = "https://files.pythonhosted.org/packages/1f/d1/2eda69563a1a88706808decdce035e4b32755dbfbb0d05e1a65db9547ed1/librt-0.9.0-cp314-cp314-musllinux_1_2_riscv64.whl", hash = "sha256:703f4ae36d6240bfe24f542bac784c7e4194ec49c3ba5a994d02891649e2d85b", size = 223849, upload-time = "2026-04-09T16:05:45.054Z" },
    { url = "https://files.pythonhosted.org/packages/04/44/b2ed37df6be5b3d42cfe36318e0598e80843d5c6308dd63d0bf4e0ce5028/librt-0.9.0-cp314-cp314-musllinux_1_2_x86_64.whl", hash = "sha256:3be322a15ee5e70b93b7a59cfd074614f22cc8c9ff18bd27f474e79137ea8d3b", size = 245001, upload-time = "2026-04-09T16:05:46.34Z" },
    { url = "https://files.pythonhosted.org/packages/47/e7/617e412426df89169dd2a9ed0cc8752d5763336252c65dbf945199915119/librt-0.9.0-cp314-cp314-win32.whl", hash = "sha256:b8da9f8035bb417770b1e1610526d87ad4fc58a2804dc4d79c53f6d2cf5a6eb9", size = 51799, upload-time = "2026-04-09T16:05:47.738Z" },
    { url = "https://files.pythonhosted.org/packages/24/ed/c22ca4db0ca3cbc285e4d9206108746beda561a9792289c3c31281d7e9df/librt-0.9.0-cp314-cp314-win_amd64.whl", hash = "sha256:b8bd70d5d816566a580d193326912f4a76ec2d28a97dc4cd4cc831c0af8e330e", size = 59165, upload-time = "2026-04-09T16:05:49.198Z" },
    { url = "https://files.pythonhosted.org/packages/24/56/875398fafa4cbc8f15b89366fc3287304ddd3314d861f182a4b87595ace0/librt-0.9.0-cp314-cp314-win_arm64.whl", hash = "sha256:fc5758e2b7a56532dc33e3c544d78cbaa9ecf0a0f2a2da2df882c1d6b99a317f", size = 49292, upload-time = "2026-04-09T16:05:50.362Z" },
    { url = "https://files.pythonhosted.org/packages/4c/61/bc448ecbf9b2d69c5cff88fe41496b19ab2a1cbda0065e47d4d0d51c0867/librt-0.9.0-cp314-cp314t-macosx_10_13_x86_64.whl", hash = "sha256:f24b90b0e0c8cc9491fb1693ae91fe17cb7963153a1946395acdbdd5818429a4", size = 70175, upload-time = "2026-04-09T16:05:51.564Z" },
    { url = "https://files.pythonhosted.org/packages/60/f2/c47bb71069a73e2f04e70acbd196c1e5cc411578ac99039a224b98920fd4/librt-0.9.0-cp314-cp314t-macosx_11_0_arm64.whl", hash = "sha256:3fe56e80badb66fdcde06bef81bbaa5bfcf6fbd7aefb86222d9e369c38c6b228", size = 72951, upload-time = "2026-04-09T16:05:52.699Z" },
    { url = "https://files.pythonhosted.org/packages/29/19/0549df59060631732df758e8886d92088da5fdbedb35b80e4643664e8412/librt-0.9.0-cp314-cp314t-manylinux1_i686.manylinux_2_28_i686.manylinux_2_5_i686.whl", hash = "sha256:527b5b820b47a09e09829051452bb0d1dd2122261254e2a6f674d12f1d793d54", size = 225864, upload-time = "2026-04-09T16:05:53.895Z" },
    { url = "https://files.pythonhosted.org/packages/9d/f8/3b144396d302ac08e50f89e64452c38db84bc7b23f6c60479c5d3abd303c/librt-0.9.0-cp314-cp314t-manylinux2014_aarch64.manylinux_2_17_aarch64.manylinux_2_28_aarch64.whl", hash = "sha256:7d429bdd4ac0ab17c8e4a8af0ed2a7440b16eba474909ab357131018fe8c7e71", size = 241155, upload-time = "2026-04-09T16:05:55.191Z" },
    { url = "https://files.pythonhosted.org/packages/7a/ce/ee67ec14581de4043e61d05786d2aed6c9b5338816b7859bcf07455c6a9f/librt-0.9.0-cp314-cp314t-manylinux2014_x86_64.manylinux_2_17_x86_64.manylinux_2_28_x86_64.whl", hash = "sha256:7202bdcac47d3a708271c4304a474a8605a4a9a4a709e954bf2d3241140aa938", size = 252235, upload-time = "2026-04-09T16:05:56.549Z" },
    { url = "https://files.pythonhosted.org/packages/8a/fa/0ead15daa2b293a54101550b08d4bafe387b7d4a9fc6d2b985602bae69b6/librt-0.9.0-cp314-cp314t-manylinux_2_31_riscv64.manylinux_2_39_riscv64.whl", hash = "sha256:c0d620e74897f8c2613b3c4e2e9c1e422eb46d2ddd07df540784d44117836af3", size = 244963, upload-time = "2026-04-09T16:05:57.858Z" },
    { url = "https://files.pythonhosted.org/packages/29/68/9fbf9a9aa704ba87689e40017e720aced8d9a4d2b46b82451d8142f91ec9/librt-0.9.0-cp314-cp314t-musllinux_1_2_aarch64.whl", hash = "sha256:d69fc39e627908f4c03297d5a88d9284b73f4d90b424461e32e8c2485e21c283", size = 257364, upload-time = "2026-04-09T16:05:59.686Z" },
    { url = "https://files.pythonhosted.org/packages/1a/8d/9d60869f1b6716c762e45f66ed945b1e5dd649f7377684c3b176ae424648/librt-0.9.0-cp314-cp314t-musllinux_1_2_i686.whl", hash = "sha256:c2640e23d2b7c98796f123ffd95cf2022c7777aa8a4a3b98b36c570d37e85eee", size = 247661, upload-time = "2026-04-09T16:06:00.938Z" },
    { url = "https://files.pythonhosted.org/packages/70/ff/a5c365093962310bfdb4f6af256f191085078ffb529b3f0cbebb5b33ebe2/librt-0.9.0-cp314-cp314t-musllinux_1_2_riscv64.whl", hash = "sha256:451daa98463b7695b0a30aa56bf637831ea559e7b8101ac2ef6382e8eb15e29c", size = 248238, upload-time = "2026-04-09T16:06:02.537Z" },
    { url = "https://files.pythonhosted.org/packages/a0/3c/2d34365177f412c9e19c0a29f969d70f5343f27634b76b765a54d8b27705/librt-0.9.0-cp314-cp314t-musllinux_1_2_x86_64.whl", hash = "sha256:928bd06eca2c2bbf4349e5b817f837509b0604342e65a502de1d50a7570afd15", size = 269457, upload-time = "2026-04-09T16:06:03.833Z" },
    { url = "https://files.pythonhosted.org/packages/bc/cd/de45b239ea3bdf626f982a00c14bfcf2e12d261c510ba7db62c5969a27cd/librt-0.9.0-cp314-cp314t-win32.whl", hash = "sha256:a9c63e04d003bc0fb6a03b348018b9a3002f98268200e22cc80f146beac5dc40", size = 52453, upload-time = "2026-04-09T16:06:05.229Z" },
    { url = "https://files.pythonhosted.org/packages/7f/f9/bfb32ae428aa75c0c533915622176f0a17d6da7b72b5a3c6363685914f70/librt-0.9.0-cp314-cp314t-win_amd64.whl", hash = "sha256:f162af66a2ed3f7d1d161a82ca584efd15acd9c1cff190a373458c32f7d42118", size = 60044, upload-time = "2026-04-09T16:06:06.398Z" },
    { url = "https://files.pythonhosted.org/packages/aa/47/7d70414bcdbb3bc1f458a8d10558f00bbfdb24e5a11740fc8197e12c3255/librt-0.9.0-cp314-cp314t-win_arm64.whl", hash = "sha256:a4b25c6c25cac5d0d9d6d6da855195b254e0021e513e0249f0e3b444dc6e0e61", size = 50009, upload-time = "2026-04-09T16:06:07.995Z" },
]

[[package]]
name = "markdown-it-py"
version = "4.0.0"
source = { registry = "https://pypi.org/simple" }
dependencies = [
    { name = "mdurl" },
]
sdist = { url = "https://files.pythonhosted.org/packages/5b/f5/4ec618ed16cc4f8fb3b701563655a69816155e79e24a17b651541804721d/markdown_it_py-4.0.0.tar.gz", hash = "sha256:cb0a2b4aa34f932c007117b194e945bd74e0ec24133ceb5bac59009cda1cb9f3", size = 73070, upload-time = "2025-08-11T12:57:52.854Z" }
wheels = [
    { url = "https://files.pythonhosted.org/packages/94/54/e7d793b573f298e1c9013b8c4dade17d481164aa517d1d7148619c2cedbf/markdown_it_py-4.0.0-py3-none-any.whl", hash = "sha256:87327c59b172c5011896038353a81343b6754500a08cd7a4973bb48c6d578147", size = 87321, upload-time = "2025-08-11T12:57:51.923Z" },
]

[[package]]
name = "maturin"
version = "1.11.5"
source = { registry = "https://pypi.org/simple" }
sdist = { url = "https://files.pythonhosted.org/packages/a4/84/bfed8cc10e2d8b6656cf0f0ca6609218e6fcb45a62929f5094e1063570f7/maturin-1.11.5.tar.gz", hash = "sha256:7579cf47640fb9595a19fe83a742cbf63203f0343055c349c1cab39045a30c29", size = 226885, upload-time = "2026-01-09T11:06:13.801Z" }
wheels = [
    { url = "https://files.pythonhosted.org/packages/d2/6c/3443d2f8c6d4eae5fc7479cd4053542aff4c1a8566d0019d0612d241b15a/maturin-1.11.5-py3-none-linux_armv6l.whl", hash = "sha256:edd1d4d35050ea2b9ef42aa01e87fe019a1e822940346b35ccb973e0aa8f6d82", size = 8845897, upload-time = "2026-01-09T11:06:17.327Z" },
    { url = "https://files.pythonhosted.org/packages/c5/03/abf1826d8aebc0d47ef6d21bdd752d98d63ac4372ad2b115db9cd5176229/maturin-1.11.5-py3-none-macosx_10_12_x86_64.macosx_11_0_arm64.macosx_10_12_universal2.whl", hash = "sha256:2a596eab137cb3e169b97e89a739515abfa7a8755e2e5f0fc91432ef446f74f4", size = 17233855, upload-time = "2026-01-09T11:06:04.272Z" },
    { url = "https://files.pythonhosted.org/packages/90/a1/5ad62913271724035a7e4bcf796d7c95b4119317ae5f8cb034844aa99bc4/maturin-1.11.5-py3-none-macosx_10_12_x86_64.whl", hash = "sha256:1c27a2eb47821edf26c75d100b3150b52dca2c1a5f074d7514af06f7a7acb9d5", size = 8881776, upload-time = "2026-01-09T11:06:10.24Z" },
    { url = "https://files.pythonhosted.org/packages/c6/66/997974b44f8d3de641281ec04fbf5b6ca821bdc8291a2fa73305978db74d/maturin-1.11.5-py3-none-manylinux_2_12_i686.manylinux2010_i686.musllinux_1_1_i686.whl", hash = "sha256:f1320dacddcd3aa84a4bdfc77ee6fdb60e4c3835c853d7eb79c09473628b0498", size = 8870347, upload-time = "2026-01-09T11:06:12.178Z" },
    { url = "https://files.pythonhosted.org/packages/58/e0/c8fa042daf0608cc2e9a59b6df3a9e287bfc7f229136f17727f4118bac2d/maturin-1.11.5-py3-none-manylinux_2_12_x86_64.manylinux2010_x86_64.musllinux_1_1_x86_64.whl", hash = "sha256:ffe7418834ff3b4a6c987187b7abb85ba033f4733e089d77d84e2de87057b4e7", size = 9291396, upload-time = "2026-01-09T11:06:02.05Z" },
    { url = "https://files.pythonhosted.org/packages/99/af/9d3edc8375efc8d435d5f24794bc4de234d4e743447592da970d53b31361/maturin-1.11.5-py3-none-manylinux_2_17_aarch64.manylinux2014_aarch64.musllinux_1_1_aarch64.whl", hash = "sha256:c739b243d012386902f112ea63a54a94848932b70ae3565fa5e121fd1c0200e0", size = 8827831, upload-time = "2026-01-09T11:06:19.523Z" },
    { url = "https://files.pythonhosted.org/packages/8a/12/cc341f6abbf9005f90935a4ee5dc7b30e2df7d1bb90b96d48b756b2c0ee7/maturin-1.11.5-py3-none-manylinux_2_17_armv7l.manylinux2014_armv7l.musllinux_1_1_armv7l.whl", hash = "sha256:8127d2cd25950bacbcdc8a2ec6daab1d4d27200f7d73964392680ad64d27f7f0", size = 8718895, upload-time = "2026-01-09T11:06:21.617Z" },
    { url = "https://files.pythonhosted.org/packages/76/17/654a59c66287e287373f2a0086e4fc8a23f0545a81c2bd6e324db26a5801/maturin-1.11.5-py3-none-manylinux_2_17_ppc64le.manylinux2014_ppc64le.musllinux_1_1_ppc64le.whl", hash = "sha256:2a4e872fb78e77748217084ffeb59de565d08a86ccefdace054520aaa7b66db4", size = 11384741, upload-time = "2026-01-09T11:06:15.261Z" },
    { url = "https://files.pythonhosted.org/packages/2e/da/7118de648182971d723ea99d79c55007f96cdafc95f5322cc1ad15f6683e/maturin-1.11.5-py3-none-manylinux_2_17_s390x.manylinux2014_s390x.whl", hash = "sha256:2079447967819b5cf615e5b5b99a406d662effdc8d6afd493dcd253c6afc3707", size = 9423814, upload-time = "2026-01-09T11:05:57.242Z" },
    { url = "https://files.pythonhosted.org/packages/cf/8f/be14395c6e23b19ddaa0c171e68915bdcd1ef61ad1f411739c6721196903/maturin-1.11.5-py3-none-manylinux_2_31_riscv64.whl", hash = "sha256:50f6c668c1d5d4d4dc1c3ffec7b4270dab493e5b2368f8e4213f4bcde6a50eea", size = 9104378, upload-time = "2026-01-09T11:05:59.835Z" },
    { url = "https://files.pythonhosted.org/packages/77/83/53ea82a2f42a03930ea5545673d11a4ef49bb886827353a701f41a5f11c4/maturin-1.11.5-py3-none-win32.whl", hash = "sha256:49f85ce6cbe478e9743ecddd6da2964afc0ded57013aa4d054256be702d23d40", size = 7738696, upload-time = "2026-01-09T11:06:06.651Z" },
    { url = "https://files.pythonhosted.org/packages/3c/41/353a26d49aa80081c514a6354d429efbecedb90d0153ec598cece3baa607/maturin-1.11.5-py3-none-win_amd64.whl", hash = "sha256:70d3e5beffb9ef9dfae5f3c1a7eeb572091505eb8cb076e9434518df1c42a73b", size = 9029838, upload-time = "2026-01-09T11:05:54.543Z" },
    { url = "https://files.pythonhosted.org/packages/15/67/c94f8f5440bc42d54113a2d99de0d6107f06b5a33f31823e52b2715d856f/maturin-1.11.5-py3-none-win_arm64.whl", hash = "sha256:9348f7f0a346108e0c96e6719be91da4470bd43c15802435e9f4157f5cca43d4", size = 7624029, upload-time = "2026-01-09T11:06:08.728Z" },
]

[[package]]
name = "mdurl"
version = "0.1.2"
source = { registry = "https://pypi.org/simple" }
sdist = { url = "https://files.pythonhosted.org/packages/d6/54/cfe61301667036ec958cb99bd3efefba235e65cdeb9c84d24a8293ba1d90/mdurl-0.1.2.tar.gz", hash = "sha256:bb413d29f5eea38f31dd4754dd7377d4465116fb207585f97bf925588687c1ba", size = 8729, upload-time = "2022-08-14T12:40:10.846Z" }
wheels = [
    { url = "https://files.pythonhosted.org/packages/b3/38/89ba8ad64ae25be8de66a6d463314cf1eb366222074cfda9ee839c56a4b4/mdurl-0.1.2-py3-none-any.whl", hash = "sha256:84008a41e51615a49fc9966191ff91509e3c40b939176e643fd50a5c2196b8f8", size = 9979, upload-time = "2022-08-14T12:40:09.779Z" },
]

[[package]]
name = "mypy"
version = "1.20.2"
source = { registry = "https://pypi.org/simple" }
dependencies = [
    { name = "librt", marker = "platform_python_implementation != 'PyPy'" },
    { name = "mypy-extensions" },
    { name = "pathspec" },
    { name = "typing-extensions" },
]
sdist = { url = "https://files.pythonhosted.org/packages/04/af/e3d4b3e9ec91a0ff9aabfdb38692952acf49bbb899c2e4c29acb3a6da3ae/mypy-1.20.2.tar.gz", hash = "sha256:e8222c26daaafd9e8626dec58ae36029f82585890589576f769a650dd20fd665", size = 3817349, upload-time = "2026-04-21T17:12:28.473Z" }
wheels = [
    { url = "https://files.pythonhosted.org/packages/5b/c4/b93812d3a192c9bcf5df405bd2f30277cd0e48106a14d1023c7f6ed6e39b/mypy-1.20.2-cp313-cp313-macosx_10_13_x86_64.whl", hash = "sha256:edfbfca868cdd6bd8d974a60f8a3682f5565d3f5c99b327640cedd24c4264026", size = 14524670, upload-time = "2026-04-21T17:10:30.737Z" },
    { url = "https://files.pythonhosted.org/packages/f3/47/42c122501bff18eaf1e8f457f5c017933452d8acdc52918a9f59f6812955/mypy-1.20.2-cp313-cp313-macosx_11_0_arm64.whl", hash = "sha256:e2877a02380adfcdbc69071a0f74d6e9dbbf593c0dc9d174e1f223ffd5281943", size = 13336218, upload-time = "2026-04-21T17:08:44.069Z" },
    { url = "https://files.pythonhosted.org/packages/92/8f/75bbc92f41725fbd585fb17b440b1119b576105df1013622983e18640a93/mypy-1.20.2-cp313-cp313-manylinux2014_aarch64.manylinux_2_17_aarch64.manylinux_2_28_aarch64.whl", hash = "sha256:7488448de6007cd5177c6cea0517ac33b4c0f5ee9b5e9f2be51ce75511a85517", size = 13724906, upload-time = "2026-04-21T17:08:01.02Z" },
    { url = "https://files.pythonhosted.org/packages/a1/32/4c49da27a606167391ff0c39aa955707a00edc500572e562f7c36c08a71f/mypy-1.20.2-cp313-cp313-manylinux2014_x86_64.manylinux_2_17_x86_64.manylinux_2_28_x86_64.whl", hash = "sha256:bb9c2fa06887e21d6a3a868762acb82aec34e2c6fd0174064f27c93ede68ad15", size = 14726046, upload-time = "2026-04-21T17:11:22.354Z" },
    { url = "https://files.pythonhosted.org/packages/7f/fc/4e354a1bd70216359deb0c9c54847ee6b32ef78dfb09f5131ff99b494078/mypy-1.20.2-cp313-cp313-musllinux_1_2_x86_64.whl", hash = "sha256:9d56a78b646f2e3daa865bc70cd5ec5a46c50045801ca8ff17a0c43abc97e3ee", size = 14955587, upload-time = "2026-04-21T17:12:16.033Z" },
    { url = "https://files.pythonhosted.org/packages/62/b2/c0f2056e9eb8f08c62cafd9715e4584b89132bdc832fcf85d27d07b5f3e5/mypy-1.20.2-cp313-cp313-win_amd64.whl", hash = "sha256:2a4102b03bb7481d9a91a6da8d174740c9c8c4401024684b9ca3b7cc5e49852f", size = 10922681, upload-time = "2026-04-21T17:06:35.842Z" },
    { url = "https://files.pythonhosted.org/packages/e5/14/065e333721f05de8ef683d0aa804c23026bcc287446b61cac657b902ccac/mypy-1.20.2-cp313-cp313-win_arm64.whl", hash = "sha256:a95a9248b0c6fd933a442c03c3b113c3b61320086b88e2c444676d3fd1ca3330", size = 9830560, upload-time = "2026-04-21T17:07:51.023Z" },
    { url = "https://files.pythonhosted.org/packages/ae/d1/b4ec96b0ecc620a4443570c6e95c867903428cfcde4206518eafdd5880c3/mypy-1.20.2-cp314-cp314-macosx_10_15_x86_64.whl", hash = "sha256:419413398fe250aae057fd2fe50166b61077083c9b82754c341cf4fd73038f30", size = 14524561, upload-time = "2026-04-21T17:06:27.325Z" },
    { url = "https://files.pythonhosted.org/packages/3a/63/d2c2ff4fa66bc49477d32dfa26e8a167ba803ea6a69c5efb416036909d30/mypy-1.20.2-cp314-cp314-macosx_11_0_arm64.whl", hash = "sha256:e73c07f23009962885c197ccb9b41356a30cc0e5a1d0c2ea8fd8fb1362d7f924", size = 13363883, upload-time = "2026-04-21T17:11:11.239Z" },
    { url = "https://files.pythonhosted.org/packages/2a/56/983916806bf4eddeaaa2c9230903c3669c6718552a921154e1c5182c701f/mypy-1.20.2-cp314-cp314-manylinux2014_aarch64.manylinux_2_17_aarch64.manylinux_2_28_aarch64.whl", hash = "sha256:0c64e5973df366b747646fc98da921f9d6eba9716d57d1db94a83c026a08e0fb", size = 13742945, upload-time = "2026-04-21T17:08:34.181Z" },
    { url = "https://files.pythonhosted.org/packages/19/65/0cd9285ab010ee8214c83d67c6b49417c40d86ce46f1aa109457b5a9b8d7/mypy-1.20.2-cp314-cp314-manylinux2014_x86_64.manylinux_2_17_x86_64.manylinux_2_28_x86_64.whl", hash = "sha256:5a65aa591af023864fd08a97da9974e919452cfe19cb146c8a5dc692626445dc", size = 14706163, upload-time = "2026-04-21T17:05:15.51Z" },
    { url = "https://files.pythonhosted.org/packages/94/97/48ff3b297cafcc94d185243a9190836fb1b01c1b0918fff64e941e973cc9/mypy-1.20.2-cp314-cp314-musllinux_1_2_x86_64.whl", hash = "sha256:4fef51b01e638974a6e69885687e9bd40c8d1e09a6cd291cca0619625cf1f558", size = 14938677, upload-time = "2026-04-21T17:05:39.562Z" },
    { url = "https://files.pythonhosted.org/packages/fd/a1/1b4233d255bdd0b38a1f284feeb1c143ca508c19184964e22f8d837ec851/mypy-1.20.2-cp314-cp314-win_amd64.whl", hash = "sha256:913485a03f1bcf5d279409a9d2b9ed565c151f61c09f29991e5faa14033da4c8", size = 11089322, upload-time = "2026-04-21T17:06:44.29Z" },
    { url = "https://files.pythonhosted.org/packages/78/c2/ce7ee2ba36aeb954ba50f18fa25d9c1188578654b97d02a66a15b6f09531/mypy-1.20.2-cp314-cp314-win_arm64.whl", hash = "sha256:c3bae4f855d965b5453784300c12ffc63a548304ac7f99e55d4dc7c898673aa3", size = 10017775, upload-time = "2026-04-21T17:07:20.732Z" },
    { url = "https://files.pythonhosted.org/packages/4e/a1/9d93a7d0b5859af0ead82b4888b46df6c8797e1bc5e1e262a08518c6d48e/mypy-1.20.2-cp314-cp314t-macosx_10_15_x86_64.whl", hash = "sha256:2de3dcea53babc1c3237a19002bc3d228ce1833278f093b8d619e06e7cc79609", size = 15549002, upload-time = "2026-04-21T17:08:23.107Z" },
    { url = "https://files.pythonhosted.org/packages/00/d2/09a6a10ee1bf0008f6c144d9676f2ca6a12512151b4e0ad0ff6c4fac5337/mypy-1.20.2-cp314-cp314t-macosx_11_0_arm64.whl", hash = "sha256:52b176444e2e5054dfcbcb8c75b0b719865c96247b37407184bbfca5c353f2c2", size = 14401942, upload-time = "2026-04-21T17:07:31.837Z" },
    { url = "https://files.pythonhosted.org/packages/57/da/9594b75c3c019e805250bed3583bdf4443ff9e6ef08f97e39ae308cb06f2/mypy-1.20.2-cp314-cp314t-manylinux2014_aarch64.manylinux_2_17_aarch64.manylinux_2_28_aarch64.whl", hash = "sha256:688c3312e5dadb573a2c69c82af3a298d43ecf9e6d264e0f95df960b5f6ac19c", size = 15041649, upload-time = "2026-04-21T17:09:34.653Z" },
    { url = "https://files.pythonhosted.org/packages/97/77/f75a65c278e6e8eba2071f7f5a90481891053ecc39878cc444634d892abe/mypy-1.20.2-cp314-cp314t-manylinux2014_x86_64.manylinux_2_17_x86_64.manylinux_2_28_x86_64.whl", hash = "sha256:29752dbbf8cc53f89f6ac096d363314333045c257c9c75cbd189ca2de0455744", size = 15864588, upload-time = "2026-04-21T17:11:44.936Z" },
    { url = "https://files.pythonhosted.org/packages/d7/46/1a4e1c66e96c1a3246ddf5403d122ac9b0a8d2b7e65730b9d6533ba7a6d3/mypy-1.20.2-cp314-cp314t-musllinux_1_2_x86_64.whl", hash = "sha256:803203d2b6ea644982c644895c2f78b28d0e208bba7b27d9b921e0ec5eb207c6", size = 16093956, upload-time = "2026-04-21T17:10:17.683Z" },
    { url = "https://files.pythonhosted.org/packages/5a/2c/78a8851264dec38cd736ca5b8bc9380674df0dd0be7792f538916157716c/mypy-1.20.2-cp314-cp314t-win_amd64.whl", hash = "sha256:9bcb8aa397ff0093c824182fd76a935a9ba7ad097fcbef80ae89bf6c1731d8ec", size = 12568661, upload-time = "2026-04-21T17:11:54.473Z" },
    { url = "https://files.pythonhosted.org/packages/83/01/cd7318aa03493322ce275a0e14f4f52b8896335e4e79d4fb8153a7ad2b77/mypy-1.20.2-cp314-cp314t-win_arm64.whl", hash = "sha256:e061b58443f1736f8a37c48978d7ab581636d6ab03e3d4f99e3fa90463bb9382", size = 10389240, upload-time = "2026-04-21T17:09:42.719Z" },
    { url = "https://files.pythonhosted.org/packages/28/9a/f23c163e25b11074188251b0b5a0342625fc1cdb6af604757174fa9acc9b/mypy-1.20.2-py3-none-any.whl", hash = "sha256:a94c5a76ab46c5e6257c7972b6c8cff0574201ca7dc05647e33e795d78680563", size = 2637314, upload-time = "2026-04-21T17:05:54.5Z" },
]

[[package]]
name = "mypy-extensions"
version = "1.1.0"
source = { registry = "https://pypi.org/simple" }
sdist = { url = "https://files.pythonhosted.org/packages/a2/6e/371856a3fb9d31ca8dac321cda606860fa4548858c0cc45d9d1d4ca2628b/mypy_extensions-1.1.0.tar.gz", hash = "sha256:52e68efc3284861e772bbcd66823fde5ae21fd2fdb51c62a211403730b916558", size = 6343, upload-time = "2025-04-22T14:54:24.164Z" }
wheels = [
    { url = "https://files.pythonhosted.org/packages/79/7b/2c79738432f5c924bef5071f933bcc9efd0473bac3b4aa584a6f7c1c8df8/mypy_extensions-1.1.0-py3-none-any.whl", hash = "sha256:1be4cccdb0f2482337c4743e60421de3a356cd97508abadd57d47403e94f5505", size = 4963, upload-time = "2025-04-22T14:54:22.983Z" },
]

[[package]]
name = "packaging"
version = "26.0"
source = { registry = "https://pypi.org/simple" }
sdist = { url = "https://files.pythonhosted.org/packages/65/ee/299d360cdc32edc7d2cf530f3accf79c4fca01e96ffc950d8a52213bd8e4/packaging-26.0.tar.gz", hash = "sha256:00243ae351a257117b6a241061796684b084ed1c516a08c48a3f7e147a9d80b4", size = 143416, upload-time = "2026-01-21T20:50:39.064Z" }
wheels = [
    { url = "https://files.pythonhosted.org/packages/b7/b9/c538f279a4e237a006a2c98387d081e9eb060d203d8ed34467cc0f0b9b53/packaging-26.0-py3-none-any.whl", hash = "sha256:b36f1fef9334a5588b4166f8bcd26a14e521f2b55e6b9de3aaa80d3ff7a37529", size = 74366, upload-time = "2026-01-21T20:50:37.788Z" },
]

[[package]]
name = "pathspec"
version = "1.0.4"
source = { registry = "https://pypi.org/simple" }
sdist = { url = "https://files.pythonhosted.org/packages/fa/36/e27608899f9b8d4dff0617b2d9ab17ca5608956ca44461ac14ac48b44015/pathspec-1.0.4.tar.gz", hash = "sha256:0210e2ae8a21a9137c0d470578cb0e595af87edaa6ebf12ff176f14a02e0e645", size = 131200, upload-time = "2026-01-27T03:59:46.938Z" }
wheels = [
    { url = "https://files.pythonhosted.org/packages/ef/3c/2c197d226f9ea224a9ab8d197933f9da0ae0aac5b6e0f884e2b8d9c8e9f7/pathspec-1.0.4-py3-none-any.whl", hash = "sha256:fb6ae2fd4e7c921a165808a552060e722767cfa526f99ca5156ed2ce45a5c723", size = 55206, upload-time = "2026-01-27T03:59:45.137Z" },
]

[[package]]
name = "pluggy"
version = "1.6.0"
source = { registry = "https://pypi.org/simple" }
sdist = { url = "https://files.pythonhosted.org/packages/f9/e2/3e91f31a7d2b083fe6ef3fa267035b518369d9511ffab804f839851d2779/pluggy-1.6.0.tar.gz", hash = "sha256:7dcc130b76258d33b90f61b658791dede3486c3e6bfb003ee5c9bfb396dd22f3", size = 69412, upload-time = "2025-05-15T12:30:07.975Z" }
wheels = [
    { url = "https://files.pythonhosted.org/packages/54/20/4d324d65cc6d9205fabedc306948156824eb9f0ee1633355a8f7ec5c66bf/pluggy-1.6.0-py3-none-any.whl", hash = "sha256:e920276dd6813095e9377c0bc5566d94c932c33b27a3e3945d8389c374dd4746", size = 20538, upload-time = "2025-05-15T12:30:06.134Z" },
]

[[package]]
name = "pygments"
version = "2.19.2"
source = { registry = "https://pypi.org/simple" }
sdist = { url = "https://files.pythonhosted.org/packages/b0/77/a5b8c569bf593b0140bde72ea885a803b82086995367bf2037de0159d924/pygments-2.19.2.tar.gz", hash = "sha256:636cb2477cec7f8952536970bc533bc43743542f70392ae026374600add5b887", size = 4968631, upload-time = "2025-06-21T13:39:12.283Z" }
wheels = [
    { url = "https://files.pythonhosted.org/packages/c7/21/705964c7812476f378728bdf590ca4b771ec72385c533964653c68e86bdc/pygments-2.19.2-py3-none-any.whl", hash = "sha256:86540386c03d588bb81d44bc3928634ff26449851e99741617ecb9037ee5ec0b", size = 1225217, upload-time = "2025-06-21T13:39:07.939Z" },
]

[[package]]
name = "pytest"
version = "9.0.2"
source = { registry = "https://pypi.org/simple" }
dependencies = [
    { name = "colorama", marker = "sys_platform == 'win32'" },
    { name = "iniconfig" },
    { name = "packaging" },
    { name = "pluggy" },
    { name = "pygments" },
]
sdist = { url = "https://files.pythonhosted.org/packages/d1/db/7ef3487e0fb0049ddb5ce41d3a49c235bf9ad299b6a25d5780a89f19230f/pytest-9.0.2.tar.gz", hash = "sha256:75186651a92bd89611d1d9fc20f0b4345fd827c41ccd5c299a868a05d70edf11", size = 1568901, upload-time = "2025-12-06T21:30:51.014Z" }
wheels = [
    { url = "https://files.pythonhosted.org/packages/3b/ab/b3226f0bd7cdcf710fbede2b3548584366da3b19b5021e74f5bde2a8fa3f/pytest-9.0.2-py3-none-any.whl", hash = "sha256:711ffd45bf766d5264d487b917733b453d917afd2b0ad65223959f59089f875b", size = 374801, upload-time = "2025-12-06T21:30:49.154Z" },
]

[[package]]
name = "pytest-pretty"
version = "1.3.0"
source = { registry = "https://pypi.org/simple" }
dependencies = [
    { name = "pytest" },
    { name = "rich" },
]
sdist = { url = "https://files.pythonhosted.org/packages/ba/d7/c699e0be5401fe9ccad484562f0af9350b4e48c05acf39fb3dab1932128f/pytest_pretty-1.3.0.tar.gz", hash = "sha256:97e9921be40f003e40ae78db078d4a0c1ea42bf73418097b5077970c2cc43bf3", size = 219297, upload-time = "2025-06-04T12:54:37.322Z" }
wheels = [
    { url = "https://files.pythonhosted.org/packages/ab/85/2f97a1b65178b0f11c9c77c35417a4cc5b99a80db90dad4734a129844ea5/pytest_pretty-1.3.0-py3-none-any.whl", hash = "sha256:074b9d5783cef9571494543de07e768a4dda92a3e85118d6c7458c67297159b7", size = 5620, upload-time = "2025-06-04T12:54:36.229Z" },
]

[[package]]
name = "rich"
version = "14.3.1"
source = { registry = "https://pypi.org/simple" }
dependencies = [
    { name = "markdown-it-py" },
    { name = "pygments" },
]
sdist = { url = "https://files.pythonhosted.org/packages/a1/84/4831f881aa6ff3c976f6d6809b58cdfa350593ffc0dc3c58f5f6586780fb/rich-14.3.1.tar.gz", hash = "sha256:b8c5f568a3a749f9290ec6bddedf835cec33696bfc1e48bcfecb276c7386e4b8", size = 230125, upload-time = "2026-01-24T21:40:44.847Z" }
wheels = [
    { url = "https://files.pythonhosted.org/packages/87/2a/a1810c8627b9ec8c57ec5ec325d306701ae7be50235e8fd81266e002a3cc/rich-14.3.1-py3-none-any.whl", hash = "sha256:da750b1aebbff0b372557426fb3f35ba56de8ef954b3190315eb64076d6fb54e", size = 309952, upload-time = "2026-01-24T21:40:42.969Z" },
]

[[package]]
name = "ruff"
version = "0.14.14"
source = { registry = "https://pypi.org/simple" }
sdist = { url = "https://files.pythonhosted.org/packages/2e/06/f71e3a86b2df0dfa2d2f72195941cd09b44f87711cb7fa5193732cb9a5fc/ruff-0.14.14.tar.gz", hash = "sha256:2d0f819c9a90205f3a867dbbd0be083bee9912e170fd7d9704cc8ae45824896b", size = 4515732, upload-time = "2026-01-22T22:30:17.527Z" }
wheels = [
    { url = "https://files.pythonhosted.org/packages/d2/89/20a12e97bc6b9f9f68343952da08a8099c57237aef953a56b82711d55edd/ruff-0.14.14-py3-none-linux_armv6l.whl", hash = "sha256:7cfe36b56e8489dee8fbc777c61959f60ec0f1f11817e8f2415f429552846aed", size = 10467650, upload-time = "2026-01-22T22:30:08.578Z" },
    { url = "https://files.pythonhosted.org/packages/a3/b1/c5de3fd2d5a831fcae21beda5e3589c0ba67eec8202e992388e4b17a6040/ruff-0.14.14-py3-none-macosx_10_12_x86_64.whl", hash = "sha256:6006a0082336e7920b9573ef8a7f52eec837add1265cc74e04ea8a4368cd704c", size = 10883245, upload-time = "2026-01-22T22:30:04.155Z" },
    { url = "https://files.pythonhosted.org/packages/b8/7c/3c1db59a10e7490f8f6f8559d1db8636cbb13dccebf18686f4e3c9d7c772/ruff-0.14.14-py3-none-macosx_11_0_arm64.whl", hash = "sha256:026c1d25996818f0bf498636686199d9bd0d9d6341c9c2c3b62e2a0198b758de", size = 10231273, upload-time = "2026-01-22T22:30:34.642Z" },
    { url = "https://files.pythonhosted.org/packages/a1/6e/5e0e0d9674be0f8581d1f5e0f0a04761203affce3232c1a1189d0e3b4dad/ruff-0.14.14-py3-none-manylinux_2_17_aarch64.manylinux2014_aarch64.whl", hash = "sha256:f666445819d31210b71e0a6d1c01e24447a20b85458eea25a25fe8142210ae0e", size = 10585753, upload-time = "2026-01-22T22:30:31.781Z" },
    { url = "https://files.pythonhosted.org/packages/23/09/754ab09f46ff1884d422dc26d59ba18b4e5d355be147721bb2518aa2a014/ruff-0.14.14-py3-none-manylinux_2_17_armv7l.manylinux2014_armv7l.whl", hash = "sha256:3c0f18b922c6d2ff9a5e6c3ee16259adc513ca775bcf82c67ebab7cbd9da5bc8", size = 10286052, upload-time = "2026-01-22T22:30:24.827Z" },
    { url = "https://files.pythonhosted.org/packages/c8/cc/e71f88dd2a12afb5f50733851729d6b571a7c3a35bfdb16c3035132675a0/ruff-0.14.14-py3-none-manylinux_2_17_i686.manylinux2014_i686.whl", hash = "sha256:1629e67489c2dea43e8658c3dba659edbfd87361624b4040d1df04c9740ae906", size = 11043637, upload-time = "2026-01-22T22:30:13.239Z" },
    { url = "https://files.pythonhosted.org/packages/67/b2/397245026352494497dac935d7f00f1468c03a23a0c5db6ad8fc49ca3fb2/ruff-0.14.14-py3-none-manylinux_2_17_ppc64.manylinux2014_ppc64.whl", hash = "sha256:27493a2131ea0f899057d49d303e4292b2cae2bb57253c1ed1f256fbcd1da480", size = 12194761, upload-time = "2026-01-22T22:30:22.542Z" },
    { url = "https://files.pythonhosted.org/packages/5b/06/06ef271459f778323112c51b7587ce85230785cd64e91772034ddb88f200/ruff-0.14.14-py3-none-manylinux_2_17_ppc64le.manylinux2014_ppc64le.whl", hash = "sha256:01ff589aab3f5b539e35db38425da31a57521efd1e4ad1ae08fc34dbe30bd7df", size = 12005701, upload-time = "2026-01-22T22:30:20.499Z" },
    { url = "https://files.pythonhosted.org/packages/41/d6/99364514541cf811ccc5ac44362f88df66373e9fec1b9d1c4cc830593fe7/ruff-0.14.14-py3-none-manylinux_2_17_s390x.manylinux2014_s390x.whl", hash = "sha256:1cc12d74eef0f29f51775f5b755913eb523546b88e2d733e1d701fe65144e89b", size = 11282455, upload-time = "2026-01-22T22:29:59.679Z" },
    { url = "https://files.pythonhosted.org/packages/ca/71/37daa46f89475f8582b7762ecd2722492df26421714a33e72ccc9a84d7a5/ruff-0.14.14-py3-none-manylinux_2_17_x86_64.manylinux2014_x86_64.whl", hash = "sha256:bb8481604b7a9e75eff53772496201690ce2687067e038b3cc31aaf16aa0b974", size = 11215882, upload-time = "2026-01-22T22:29:57.032Z" },
    { url = "https://files.pythonhosted.org/packages/2c/10/a31f86169ec91c0705e618443ee74ede0bdd94da0a57b28e72db68b2dbac/ruff-0.14.14-py3-none-manylinux_2_31_riscv64.whl", hash = "sha256:14649acb1cf7b5d2d283ebd2f58d56b75836ed8c6f329664fa91cdea19e76e66", size = 11180549, upload-time = "2026-01-22T22:30:27.175Z" },
    { url = "https://files.pythonhosted.org/packages/fd/1e/c723f20536b5163adf79bdd10c5f093414293cdf567eed9bdb7b83940f3f/ruff-0.14.14-py3-none-musllinux_1_2_aarch64.whl", hash = "sha256:e8058d2145566510790eab4e2fad186002e288dec5e0d343a92fe7b0bc1b3e13", size = 10543416, upload-time = "2026-01-22T22:30:01.964Z" },
    { url = "https://files.pythonhosted.org/packages/3e/34/8a84cea7e42c2d94ba5bde1d7a4fae164d6318f13f933d92da6d7c2041ff/ruff-0.14.14-py3-none-musllinux_1_2_armv7l.whl", hash = "sha256:e651e977a79e4c758eb807f0481d673a67ffe53cfa92209781dfa3a996cf8412", size = 10285491, upload-time = "2026-01-22T22:30:29.51Z" },
    { url = "https://files.pythonhosted.org/packages/55/ef/b7c5ea0be82518906c978e365e56a77f8de7678c8bb6651ccfbdc178c29f/ruff-0.14.14-py3-none-musllinux_1_2_i686.whl", hash = "sha256:cc8b22da8d9d6fdd844a68ae937e2a0adf9b16514e9a97cc60355e2d4b219fc3", size = 10733525, upload-time = "2026-01-22T22:30:06.499Z" },
    { url = "https://files.pythonhosted.org/packages/6a/5b/aaf1dfbcc53a2811f6cc0a1759de24e4b03e02ba8762daabd9b6bd8c59e3/ruff-0.14.14-py3-none-musllinux_1_2_x86_64.whl", hash = "sha256:16bc890fb4cc9781bb05beb5ab4cd51be9e7cb376bf1dd3580512b24eb3fda2b", size = 11315626, upload-time = "2026-01-22T22:30:36.848Z" },
    { url = "https://files.pythonhosted.org/packages/2c/aa/9f89c719c467dfaf8ad799b9bae0df494513fb21d31a6059cb5870e57e74/ruff-0.14.14-py3-none-win32.whl", hash = "sha256:b530c191970b143375b6a68e6f743800b2b786bbcf03a7965b06c4bf04568167", size = 10502442, upload-time = "2026-01-22T22:30:38.93Z" },
    { url = "https://files.pythonhosted.org/packages/87/44/90fa543014c45560cae1fffc63ea059fb3575ee6e1cb654562197e5d16fb/ruff-0.14.14-py3-none-win_amd64.whl", hash = "sha256:3dde1435e6b6fe5b66506c1dff67a421d0b7f6488d466f651c07f4cab3bf20fd", size = 11630486, upload-time = "2026-01-22T22:30:10.852Z" },
    { url = "https://files.pythonhosted.org/packages/9e/6a/40fee331a52339926a92e17ae748827270b288a35ef4a15c9c8f2ec54715/ruff-0.14.14-py3-none-win_arm64.whl", hash = "sha256:56e6981a98b13a32236a72a8da421d7839221fa308b223b9283312312e5ac76c", size = 10920448, upload-time = "2026-01-22T22:30:15.417Z" },
]

[[package]]
name = "typing-extensions"
version = "4.15.0"
source = { registry = "https://pypi.org/simple" }
sdist = { url = "https://files.pythonhosted.org/packages/72/94/1a15dd82efb362ac84269196e94cf00f187f7ed21c242792a923cdb1c61f/typing_extensions-4.15.0.tar.gz", hash = "sha256:0cea48d173cc12fa28ecabc3b837ea3cf6f38c6d1136f85cbaaf598984861466", size = 109391, upload-time = "2025-08-25T13:49:26.313Z" }
wheels = [
    { url = "https://files.pythonhosted.org/packages/18/67/36e9267722cc04a6b9f15c7f3441c2363321a3ea07da7ae0c0707beb2a9c/typing_extensions-4.15.0-py3-none-any.whl", hash = "sha256:f0fa19c6845758ab08074a0cfa8b7aecb71c999ca73d62883bc25cc018c4e548", size = 44614, upload-time = "2025-08-25T13:49:24.86Z" },
]
